
Microsoft Visual Studio Solution File, Format Version 12.00
# Visual Studio 15
VisualStudioVersion = 15.0.26730.16
MinimumVisualStudioVersion = 10.0.40219.1
Project("{8BC9CEB8-8B4A-11D0-8D11-00A0C91BC942}") = "fibonacciSpiral", "fibonacciSpiral\fibonacciSpiral.vcxproj", "{B18A7288-BB35-4C2F-8BD0-F1B4A7A7C876}"
EndProject
Global
	GlobalSection(SolutionConfigurationPlatforms) = preSolution
		Debug|x64 = Debug|x64
		Debug|x86 = Debug|x86
		Release|x64 = Release|x64
		Release|x86 = Release|x86
	EndGlobalSection
	GlobalSection(ProjectConfigurationPlatforms) = postSolution
		{B18A7288-BB35-4C2F-8BD0-F1B4A7A7C876}.Debug|x64.ActiveCfg = Debug|x64
		{B18A7288-BB35-4C2F-8BD0-F1B4A7A7C876}.Debug|x64.Build.0 = Debug|x64
		{B18A7288-BB35-4C2F-8BD0-F1B4A7A7C876}.Debug|x86.ActiveCfg = Debug|Win32
		{B18A7288-BB35-4C2F-8BD0-F1B4A7A7C876}.Debug|x86.Build.0 = Debug|Win32
		{B18A7288-BB35-4C2F-8BD0-F1B4A7A7C876}.Release|x64.ActiveCfg = Release|x64
		{B18A7288-BB35-4C2F-8BD0-F1B4A7A7C876}.Release|x64.Build.0 = Release|x64
		{B18A7288-BB35-4C2F-8BD0-F1B4A7A7C876}.Release|x86.ActiveCfg = Release|Win32
		{B18A7288-BB35-4C2F-8BD0-F1B4A7A7C876}.Release|x86.Build.0 = Release|Win32
	EndGlobalSection
	GlobalSection(SolutionProperties) = preSolution
		HideSolutionNode = FALSE
	EndGlobalSection
	GlobalSection(ExtensibilityGlobals) = postSolution
		SolutionGuid = {AAFB61B4-F538-4822-8A5C-1DEF6A6ECCBB}
	EndGlobalSection
EndGlobal
